// !$*UTF8*$!
{
	archiveVersion = 1;
	classes = {
	};
	objectVersion = 50;
	objects = {

/* Begin PBXBuildFile section */
		04CE8622264AA02700E93237 /* AppDelegate.swift in Sources */ = {isa = PBXBuildFile; fileRef = 04CE8621264AA02700E93237 /* AppDelegate.swift */; };
		04CE8624264AA02700E93237 /* SceneDelegate.swift in Sources */ = {isa = PBXBuildFile; fileRef = 04CE8623264AA02700E93237 /* SceneDelegate.swift */; };
		04CE8626264AA02700E93237 /* ViewController.swift in Sources */ = {isa = PBXBuildFile; fileRef = 04CE8625264AA02700E93237 /* ViewController.swift */; };
		04CE8629264AA02700E93237 /* Main.storyboard in Resources */ = {isa = PBXBuildFile; fileRef = 04CE8627264AA02700E93237 /* Main.storyboard */; };
		04CE862B264AA02A00E93237 /* Assets.xcassets in Resources */ = {isa = PBXBuildFile; fileRef = 04CE862A264AA02A00E93237 /* Assets.xcassets */; };
		04CE862E264AA02A00E93237 /* LaunchScreen.storyboard in Resources */ = {isa = PBXBuildFile; fileRef = 04CE862C264AA02A00E93237 /* LaunchScreen.storyboard */; };
/* End PBXBuildFile section */

/* Begin PBXFileReference section */
		04CE861E264AA02700E93237 /* WebView_Download_Pdf.app */ = {isa = PBXFileReference; explicitFileType = wrapper.application; includeInIndex = 0; path = WebView_Download_Pdf.app; sourceTree = BUILT_PRODUCTS_DIR; };
		04CE8621264AA02700E93237 /* AppDelegate.swift */ = {isa = PBXFileReference; lastKnownFileType = sourcecode.swift; path = AppDelegate.swift; sourceTree = "<group>"; };
		04CE8623264AA02700E93237 /* SceneDelegate.swift */ = {isa = PBXFileReference; lastKnownFileType = sourcecode.swift; path = SceneDelegate.swift; sourceTree = "<group>"; };
		04CE8625264AA02700E93237 /* ViewController.swift */ = {isa = PBXFileReference; lastKnownFileType = sourcecode.swift; path = ViewController.swift; sourceTree = "<group>"; };
		04CE8628264AA02700E93237 /* Base */ = {isa = PBXFileReference; lastKnownFileType = file.storyboard; name = Base; path = Base.lproj/Main.storyboard; sourceTree = "<group>"; };
		04CE862A264AA02A00E93237 /* Assets.xcassets */ = {isa = PBXFileReference; lastKnownFileType = folder.assetcatalog; path = Assets.xcassets; sourceTree = "<group>"; };
		04CE862D264AA02A00E93237 /* Base */ = {isa = PBXFileReference; lastKnownFileType = file.storyboard; name = Base; path = Base.lproj/LaunchScreen.storyboard; sourceTree = "<group>"; };
		04CE862F264AA02A00E93237 /* Info.plist */ = {isa = PBXFileReference; lastKnownFileType = text.plist.xml; path = Info.plist; sourceTree = "<group>"; };
/* End PBXFileReference section */

/* Begin PBXFrameworksBuildPhase section */
		04CE861B264AA02700E93237 /* Frameworks */ = {
			isa = PBXFrameworksBuildPhase;
			buildActionMask = 2147483647;
			files = (
			);
			runOnlyForDeploymentPostprocessing = 0;
		};
/* End PBXFrameworksBuildPhase section */

/* Begin PBXGroup section */
		04CE8615264AA02700E93237 = {
			isa = PBXGroup;
			children = (
				04CE8620264AA02700E93237 /* WebView_Download_Pdf */,
				04CE861F264AA02700E93237 /* Products */,
			);
			sourceTree = "<group>";
		};
		04CE861F264AA02700E93237 /* Products */ = {
			isa = PBXGroup;
			children = (
				04CE861E264AA02700E93237 /* WebView_Download_Pdf.app */,
			);
			name = Products;
			sourceTree = "<group>";
		};
		04CE8620264AA02700E93237 /* WebView_Download_Pdf */ = {
			isa = PBXGroup;
			children = (
				04CE8621264AA02700E93237 /* AppDelegate.swift */,
				04CE8623264AA02700E93237 /* SceneDelegate.swift */,
				04CE8625264AA02700E93237 /* ViewController.swift */,
				04CE8627264AA02700E93237 /* Main.storyboard */,
				04CE862A264AA02A00E93237 /* Assets.xcassets */,
				04CE862C264AA02A00E93237 /* LaunchScreen.storyboard */,
				04CE862F264AA02A00E93237 /* Info.plist */,
			);
			path = WebView_Download_Pdf;
			sourceTree = "<group>";
		};
/* End PBXGroup section */

/* Begin PBXNativeTarget section */
		04CE861D264AA02700E93237 /* WebView_Download_Pdf */ = {
			isa = PBXNativeTarget;
			buildConfigurationList = 04CE8632264AA02A00E93237 /* Build configuration list for PBXNativeTarget "WebView_Download_Pdf" */;
			buildPhases = (
				04CE861A264AA02700E93237 /* Sources */,
				04CE861B264AA02700E93237 /* Frameworks */,
				04CE861C264AA02700E93237 /* Resources */,
			);
			buildRules = (
			);
			dependencies = (
			);
			name = WebView_Download_Pdf;
			productName = WebView_Download_Pdf;
			productReference = 04CE861E264AA02700E93237 /* WebView_Download_Pdf.app */;
			productType = "com.apple.product-type.application";
		};
/* End PBXNativeTarget section */

/* Begin PBXProject section */
		04CE8616264AA02700E93237 /* Project object */ = {
			isa = PBXProject;
			attributes = {
				LastSwiftUpdateCheck = 1250;
				LastUpgradeCheck = 1250;
				TargetAttributes = {
					04CE861D264AA02700E93237 = {
						CreatedOnToolsVersion = 12.5;
					};
				};
			};
			buildConfigurationList = 04CE8619264AA02700E93237 /* Build configuration list for PBXProject "WebView_Download_Pdf" */;
			compatibilityVersion = "Xcode 9.3";
			developmentRegion = en;
			hasScannedForEncodings = 0;
			knownRegions = (
				en,
				Base,
			);
			mainGroup = 04CE8615264AA02700E93237;
			productRefGroup = 04CE861F264AA02700E93237 /* Products */;
			projectDirPath = "";
			projectRoot = "";
			targets = (
				04CE861D264AA02700E93237 /* WebView_Download_Pdf */,
			);
		};
/* End PBXProject section */

/* Begin PBXResourcesBuildPhase section */
		04CE861C264AA02700E93237 /* Resources */ = {
			isa = PBXResourcesBuildPhase;
			buildActionMask = 2147483647;
			files = (
				04CE862E264AA02A00E93237 /* LaunchScreen.storyboard in Resources */,
				04CE862B264AA02A00E93237 /* Assets.xcassets in Resources */,
				04CE8629264AA02700E93237 /* Main.storyboard in Resources */,
			);
			runOnlyForDeploymentPostprocessing = 0;
		};
/* End PBXResourcesBuildPhase section */

/* Begin PBXSourcesBuildPhase section */
		04CE861A264AA02700E93237 /* Sources */ = {
			isa = PBXSourcesBuildPhase;
			buildActionMask = 2147483647;
			files = (
				04CE8626264AA02700E93237 /* ViewController.swift in Sources */,
				04CE8622264AA02700E93237 /* AppDelegate.swift in Sources */,
				04CE8624264AA02700E93237 /* SceneDelegate.swift in Sources */,
			);
			runOnlyForDeploymentPostprocessing = 0;
		};
/* End PBXSourcesBuildPhase section */

/* Begin PBXVariantGroup section */
		04CE8627264AA02700E93237 /* Main.storyboard */ = {
			isa = PBXVariantGroup;
			children = (
				04CE8628264AA02700E93237 /* Base */,
			);
			name = Main.storyboard;
			sourceTree = "<group>";
		};
		04CE862C264AA02A00E93237 /* LaunchScreen.storyboard */ = {
			isa = PBXVariantGroup;
			children = (
				04CE862D264AA02A00E93237 /* Base */,
			);
			name = LaunchScreen.storyboard;
			sourceTree = "<group>";
		};
/* End PBXVariantGroup section */

/* Begin XCBuildConfiguration section */
		04CE8630264AA02A00E93237 /* Debug */ = {
			isa = XCBuildConfiguration;
			buildSettings = {
				ALWAYS_SEARCH_USER_PATHS = NO;
				CLANG_ANALYZER_NONNULL = YES;
				CLANG_ANALYZER_NUMBER_OBJECT_CONVERSION = YES_AGGRESSIVE;
				CLANG_CXX_LANGUAGE_STANDARD = "gnu++14";
				CLANG_CXX_LIBRARY = "libc++";
				CLANG_ENABLE_MODULES = YES;
				CLANG_ENABLE_OBJC_ARC = YES;
				CLANG_ENABLE_OBJC_WEAK = YES;
				CLANG_WARN_BLOCK_CAPTURE_AUTORELEASING = YES;
				CLANG_WARN_BOOL_CONVERSION = YES;
				CLANG_WARN_COMMA = YES;
				CLANG_WARN_CONSTANT_CONVERSION = YES;
				CLANG_WARN_DEPRECATED_OBJC_IMPLEMENTATIONS = YES;
				CLANG_WARN_DIRECT_OBJC_ISA_USAGE = YES_ERROR;
				CLANG_WARN_DOCUMENTATION_COMMENTS = YES;
				CLANG_WARN_EMPTY_BODY = YES;
				CLANG_WARN_ENUM_CONVERSION = YES;
				CLANG_WARN_INFINITE_RECURSION = YES;
				CLANG_WARN_INT_CONVERSION = YES;
				CLANG_WARN_NON_LITERAL_NULL_CONVERSION = YES;
				CLANG_WARN_OBJC_IMPLICIT_RETAIN_SELF = YES;
				CLANG_WARN_OBJC_LITERAL_CONVERSION = YES;
				CLANG_WARN_OBJC_ROOT_CLASS = YES_ERROR;
				CLANG_WARN_QUOTED_INCLUDE_IN_FRAMEWORK_HEADER = YES;
				CLANG_WARN_RANGE_LOOP_ANALYSIS = YES;
				CLANG_WARN_STRICT_PROTOTYPES = YES;
				CLANG_WARN_SUSPICIOUS_MOVE = YES;
				CLANG_WARN_UNGUARDED_AVAILABILITY = YES_AGGRESSIVE;
				CLANG_WARN_UNREACHABLE_CODE = YES;
				CLANG_WARN__DUPLICATE_METHOD_MATCH = YES;
				COPY_PHASE_STRIP = NO;
				DEBUG_INFORMATION_FORMAT = dwarf;
				ENABLE_STRICT_OBJC_MSGSEND = YES;
				ENABLE_TESTABILITY = YES;
				GCC_C_LANGUAGE_STANDARD = gnu11;
				GCC_DYNAMIC_NO_PIC = NO;
				GCC_NO_COMMON_BLOCKS = YES;
				GCC_OPTIMIZATION_LEVEL = 0;
				GCC_PREPROCESSOR_DEFINITIONS = (
					"DEBUG=1",
					"$(inherited)",
				);
				GCC_WARN_64_TO_32_BIT_CONVERSION = YES;
				GCC_WARN_ABOUT_RETURN_TYPE = YES_ERROR;
				GCC_WARN_UNDECLARED_SELECTOR = YES;
				GCC_WARN_UNINITIALIZED_AUTOS = YES_AGGRESSIVE;
				GCC_WARN_UNUSED_FUNCTION = YES;
				GCC_WARN_UNUSED_VARIABLE = YES;
				IPHONEOS_DEPLOYMENT_TARGET = 14.5;
				MTL_ENABLE_DEBUG_INFO = INCLUDE_SOURCE;
				MTL_FAST_MATH = YES;
				ONLY_ACTIVE_ARCH = YES;
				SDKROOT = iphoneos;
				SWIFT_ACTIVE_COMPILATION_CONDITIONS = DEBUG;
				SWIFT_OPTIMIZATION_LEVEL = "-Onone";
			};
			name = Debug;
		};
		04CE8631264AA02A00E93237 /* Release */ = {
			isa = XCBuildConfiguration;
			buildSettings = {
				ALWAYS_SEARCH_USER_PATHS = NO;
				CLANG_ANALYZER_NONNULL = YES;
				CLANG_ANALYZER_NUMBER_OBJECT_CONVERSION = YES_AGGRESSIVE;
				CLANG_CXX_LANGUAGE_STANDARD = "gnu++14";
				CLANG_CXX_LIBRARY = "libc++";
				CLANG_ENABLE_MODULES = YES;
				CLANG_ENABLE_OBJC_ARC = YES;
				CLANG_ENABLE_OBJC_WEAK = YES;
				CLANG_WARN_BLOCK_CAPTURE_AUTORELEASING = YES;
				CLANG_WARN_BOOL_CONVERSION = YES;
				CLANG_WARN_COMMA = YES;
				CLANG_WARN_CONSTANT_CONVERSION = YES;
				CLANG_WARN_DEPRECATED_OBJC_IMPLEMENTATIONS = YES;
				CLANG_WARN_DIRECT_OBJC_ISA_USAGE = YES_ERROR;
				CLANG_WARN_DOCUMENTATION_COMMENTS = YES;
				CLANG_WARN_EMPTY_BODY = YES;
				CLANG_WARN_ENUM_CONVERSION = YES;
				CLANG_WARN_INFINITE_RECURSION = YES;
				CLANG_WARN_INT_CONVERSION = YES;
				CLANG_WARN_NON_LITERAL_NULL_CONVERSION = YES;
				CLANG_WARN_OBJC_IMPLICIT_RETAIN_SELF = YES;
				CLANG_WARN_OBJC_LITERAL_CONVERSION = YES;
				CLANG_WARN_OBJC_ROOT_CLASS = YES_ERROR;
				CLANG_WARN_QUOTED_INCLUDE_IN_FRAMEWORK_HEADER = YES;
				CLANG_WARN_RANGE_LOOP_ANALYSIS = YES;
				CLANG_WARN_STRICT_PROTOTYPES = YES;
				CLANG_WARN_SUSPICIOUS_MOVE = YES;
				CLANG_WARN_UNGUARDED_AVAILABILITY = YES_AGGRESSIVE;
				CLANG_WARN_UNREACHABLE_CODE = YES;
				CLANG_WARN__DUPLICATE_METHOD_MATCH = YES;
				COPY_PHASE_STRIP = NO;
				DEBUG_INFORMATION_FORMAT = "dwarf-with-dsym";
				ENABLE_NS_ASSERTIONS = NO;
				ENABLE_STRICT_OBJC_MSGSEND = YES;
				GCC_C_LANGUAGE_STANDARD = gnu11;
				GCC_NO_COMMON_BLOCKS = YES;
				GCC_WARN_64_TO_32_BIT_CONVERSION = YES;
				GCC_WARN_ABOUT_RETURN_TYPE = YES_ERROR;
				GCC_WARN_UNDECLARED_SELECTOR = YES;
				GCC_WARN_UNINITIALIZED_AUTOS = YES_AGGRESSIVE;
				GCC_WARN_UNUSED_FUNCTION = YES;
				GCC_WARN_UNUSED_VARIABLE = YES;
				IPHONEOS_DEPLOYMENT_TARGET = 14.5;
				MTL_ENABLE_DEBUG_INFO = NO;
				MTL_FAST_MATH = YES;
				SDKROOT = iphoneos;
				SWIFT_COMPILATION_MODE = wholemodule;
				SWIFT_OPTIMIZATION_LEVEL = "-O";
				VALIDATE_PRODUCT = YES;
			};
			name = Release;
		};
		04CE8633264AA02A00E93237 /* Debug */ = {
			isa = XCBuildConfiguration;
			buildSettings = {
				ASSETCATALOG_COMPILER_APPICON_NAME = AppIcon;
				ASSETCATALOG_COMPILER_GLOBAL_ACCENT_COLOR_NAME = AccentColor;
				CODE_SIGN_STYLE = Automatic;
				DEVELOPMENT_TEAM = 8H2G2M7W2T;
				INFOPLIST_FILE = WebView_Download_Pdf/Info.plist;
				LD_RUNPATH_SEARCH_PATHS = (
					"$(inherited)",
					"@executable_path/Frameworks",
				);
				PRODUCT_BUNDLE_IDENTIFIER = "com.shubh.WebView-Download-Pdf";
				PRODUCT_NAME = "$(TARGET_NAME)";
				SWIFT_VERSION = 5.0;
				TARGETED_DEVICE_FAMILY = "1,2";
			};
			name = Debug;
		};
		04CE8634264AA02A00E93237 /* Release */ = {
			isa = XCBuildConfiguration;
			buildSettings = {
				ASSETCATALOG_COMPILER_APPICON_NAME = AppIcon;
				ASSETCATALOG_COMPILER_GLOBAL_ACCENT_COLOR_NAME = AccentColor;
				CODE_SIGN_STYLE = Automatic;
				DEVELOPMENT_TEAM = 8H2G2M7W2T;
				INFOPLIST_FILE = WebView_Download_Pdf/Info.plist;
				LD_RUNPATH_SEARCH_PATHS = (
					"$(inherited)",
					"@executable_path/Frameworks",
				);
				PRODUCT_BUNDLE_IDENTIFIER = "com.shubh.WebView-Download-Pdf";
				PRODUCT_NAME = "$(TARGET_NAME)";
				SWIFT_VERSION = 5.0;
				TARGETED_DEVICE_FAMILY = "1,2";
			};
			name = Release;
		};
/* End XCBuildConfiguration section */

/* Begin XCConfigurationList section */
		04CE8619264AA02700E93237 /* Build configuration list for PBXProject "WebView_Download_Pdf" */ = {
			isa = XCConfigurationList;
			buildConfigurations = (
				04CE8630264AA02A00E93237 /* Debug */,
				04CE8631264AA02A00E93237 /* Release */,
			);
			defaultConfigurationIsVisible = 0;
			defaultConfigurationName = Release;
		};
		04CE8632264AA02A00E93237 /* Build configuration list for PBXNativeTarget "WebView_Download_Pdf" */ = {
			isa = XCConfigurationList;
			buildConfigurations = (
				04CE8633264AA02A00E93237 /* Debug */,
				04CE8634264AA02A00E93237 /* Release */,
			);
			defaultConfigurationIsVisible = 0;
			defaultConfigurationName = Release;
		};
/* End XCConfigurationList section */
	};
	rootObject = 04CE8616264AA02700E93237 /* Project object */;
}
